// !$*UTF8*$!
{
	archiveVersion = 1;
	classes = {
	};
	objectVersion = 55;
	objects = {

/* Begin PBXBuildFile section */
		046ABED8289B261E00EF82AC /* PokemonApp.swift in Sources */ = {isa = PBXBuildFile; fileRef = 046ABED7289B261E00EF82AC /* PokemonApp.swift */; };
		046ABEDA289B261E00EF82AC /* ContentView.swift in Sources */ = {isa = PBXBuildFile; fileRef = 046ABED9289B261E00EF82AC /* ContentView.swift */; };
		046ABEDC289B262000EF82AC /* Assets.xcassets in Resources */ = {isa = PBXBuildFile; fileRef = 046ABEDB289B262000EF82AC /* Assets.xcassets */; };
		046ABEDF289B262000EF82AC /* Preview Assets.xcassets in Resources */ = {isa = PBXBuildFile; fileRef = 046ABEDE289B262000EF82AC /* Preview Assets.xcassets */; };
		046ABEEA289B27EA00EF82AC /* PokemonModel.swift in Sources */ = {isa = PBXBuildFile; fileRef = 046ABEE9289B27EA00EF82AC /* PokemonModel.swift */; };
		0472FAD828A57AA2008F1A83 /* PokemonManager.swift in Sources */ = {isa = PBXBuildFile; fileRef = 0472FAD728A57AA2008F1A83 /* PokemonManager.swift */; };
		0472FADD28A5A845008F1A83 /* Helpers.swift in Sources */ = {isa = PBXBuildFile; fileRef = 0472FADC28A5A845008F1A83 /* Helpers.swift */; };
		0472FADF28A5CD17008F1A83 /* PokemonListView.swift in Sources */ = {isa = PBXBuildFile; fileRef = 0472FADE28A5CD17008F1A83 /* PokemonListView.swift */; };
		0472FAE228A5CD78008F1A83 /* ViewModel.swift in Sources */ = {isa = PBXBuildFile; fileRef = 0472FAE128A5CD78008F1A83 /* ViewModel.swift */; };
		0472FAE628A5D398008F1A83 /* PokemonListViewEnemy.swift in Sources */ = {isa = PBXBuildFile; fileRef = 0472FAE528A5D398008F1A83 /* PokemonListViewEnemy.swift */; };
		0472FAE828A5DCA3008F1A83 /* PokemonView.swift in Sources */ = {isa = PBXBuildFile; fileRef = 0472FAE728A5DCA3008F1A83 /* PokemonView.swift */; };
		0472FAEA28A5F292008F1A83 /* ContentViewEnemy.swift in Sources */ = {isa = PBXBuildFile; fileRef = 0472FAE928A5F292008F1A83 /* ContentViewEnemy.swift */; };
		0472FAEC28A5F300008F1A83 /* PokemonDetailView.swift in Sources */ = {isa = PBXBuildFile; fileRef = 0472FAEB28A5F300008F1A83 /* PokemonDetailView.swift */; };
		0472FAEE28A5F3C8008F1A83 /* PokemonViewSelected.swift in Sources */ = {isa = PBXBuildFile; fileRef = 0472FAED28A5F3C8008F1A83 /* PokemonViewSelected.swift */; };
		0472FAEF28A5F5A4008F1A83 /* pokemon.json in Resources */ = {isa = PBXBuildFile; fileRef = 0472FADA28A57BE5008F1A83 /* pokemon.json */; };
		049D31D828A2A82C006BB87C /* PokemonList.swift in Sources */ = {isa = PBXBuildFile; fileRef = 049D31D728A2A82C006BB87C /* PokemonList.swift */; };
/* End PBXBuildFile section */

/* Begin PBXFileReference section */
		046ABED4289B261E00EF82AC /* Pokemon.app */ = {isa = PBXFileReference; explicitFileType = wrapper.application; includeInIndex = 0; path = Pokemon.app; sourceTree = BUILT_PRODUCTS_DIR; };
		046ABED7289B261E00EF82AC /* PokemonApp.swift */ = {isa = PBXFileReference; lastKnownFileType = sourcecode.swift; path = PokemonApp.swift; sourceTree = "<group>"; };
		046ABED9289B261E00EF82AC /* ContentView.swift */ = {isa = PBXFileReference; lastKnownFileType = sourcecode.swift; path = ContentView.swift; sourceTree = "<group>"; };
		046ABEDB289B262000EF82AC /* Assets.xcassets */ = {isa = PBXFileReference; lastKnownFileType = folder.assetcatalog; path = Assets.xcassets; sourceTree = "<group>"; };
		046ABEDE289B262000EF82AC /* Preview Assets.xcassets */ = {isa = PBXFileReference; lastKnownFileType = folder.assetcatalog; path = "Preview Assets.xcassets"; sourceTree = "<group>"; };
		046ABEE9289B27EA00EF82AC /* PokemonModel.swift */ = {isa = PBXFileReference; lastKnownFileType = sourcecode.swift; path = PokemonModel.swift; sourceTree = "<group>"; };
		0472FAD728A57AA2008F1A83 /* PokemonManager.swift */ = {isa = PBXFileReference; lastKnownFileType = sourcecode.swift; path = PokemonManager.swift; sourceTree = "<group>"; };
		0472FADA28A57BE5008F1A83 /* pokemon.json */ = {isa = PBXFileReference; lastKnownFileType = text.json; path = pokemon.json; sourceTree = "<group>"; };
		0472FADC28A5A845008F1A83 /* Helpers.swift */ = {isa = PBXFileReference; lastKnownFileType = sourcecode.swift; path = Helpers.swift; sourceTree = "<group>"; };
		0472FADE28A5CD17008F1A83 /* PokemonListView.swift */ = {isa = PBXFileReference; lastKnownFileType = sourcecode.swift; path = PokemonListView.swift; sourceTree = "<group>"; };
		0472FAE128A5CD78008F1A83 /* ViewModel.swift */ = {isa = PBXFileReference; lastKnownFileType = sourcecode.swift; path = ViewModel.swift; sourceTree = "<group>"; };
		0472FAE528A5D398008F1A83 /* PokemonListViewEnemy.swift */ = {isa = PBXFileReference; lastKnownFileType = sourcecode.swift; path = PokemonListViewEnemy.swift; sourceTree = "<group>"; };
		0472FAE728A5DCA3008F1A83 /* PokemonView.swift */ = {isa = PBXFileReference; lastKnownFileType = sourcecode.swift; path = PokemonView.swift; sourceTree = "<group>"; };
		0472FAE928A5F292008F1A83 /* ContentViewEnemy.swift */ = {isa = PBXFileReference; lastKnownFileType = sourcecode.swift; path = ContentViewEnemy.swift; sourceTree = "<group>"; };
		0472FAEB28A5F300008F1A83 /* PokemonDetailView.swift */ = {isa = PBXFileReference; lastKnownFileType = sourcecode.swift; path = PokemonDetailView.swift; sourceTree = "<group>"; };
		0472FAED28A5F3C8008F1A83 /* PokemonViewSelected.swift */ = {isa = PBXFileReference; lastKnownFileType = sourcecode.swift; path = PokemonViewSelected.swift; sourceTree = "<group>"; };
		049D31D728A2A82C006BB87C /* PokemonList.swift */ = {isa = PBXFileReference; lastKnownFileType = sourcecode.swift; path = PokemonList.swift; sourceTree = "<group>"; };
/* End PBXFileReference section */

/* Begin PBXFrameworksBuildPhase section */
		046ABED1289B261E00EF82AC /* Frameworks */ = {
			isa = PBXFrameworksBuildPhase;
			buildActionMask = 2147483647;
			files = (
			);
			runOnlyForDeploymentPostprocessing = 0;
		};
/* End PBXFrameworksBuildPhase section */

/* Begin PBXGroup section */
		046ABECB289B261E00EF82AC = {
			isa = PBXGroup;
			children = (
				046ABED6289B261E00EF82AC /* Pokemon */,
				046ABED5289B261E00EF82AC /* Products */,
			);
			sourceTree = "<group>";
		};
		046ABED5289B261E00EF82AC /* Products */ = {
			isa = PBXGroup;
			children = (
				046ABED4289B261E00EF82AC /* Pokemon.app */,
			);
			name = Products;
			sourceTree = "<group>";
		};
		046ABED6289B261E00EF82AC /* Pokemon */ = {
			isa = PBXGroup;
			children = (
				0472FAE028A5CD42008F1A83 /* ViewModel */,
				046ABED7289B261E00EF82AC /* PokemonApp.swift */,
				0472FADB28A5A834008F1A83 /* Helpers */,
				0472FAD928A57BC1008F1A83 /* Data */,
				0472FAD628A57A8D008F1A83 /* Manager */,
				046ABEE5289B273300EF82AC /* Views */,
				046ABEE6289B275200EF82AC /* Models */,
				046ABEDB289B262000EF82AC /* Assets.xcassets */,
				046ABEDD289B262000EF82AC /* Preview Content */,
			);
			path = Pokemon;
			sourceTree = "<group>";
		};
		046ABEDD289B262000EF82AC /* Preview Content */ = {
			isa = PBXGroup;
			children = (
				046ABEDE289B262000EF82AC /* Preview Assets.xcassets */,
			);
			path = "Preview Content";
			sourceTree = "<group>";
		};
		046ABEE5289B273300EF82AC /* Views */ = {
			isa = PBXGroup;
			children = (
				046ABED9289B261E00EF82AC /* ContentView.swift */,
				049D31D728A2A82C006BB87C /* PokemonList.swift */,
				0472FADE28A5CD17008F1A83 /* PokemonListView.swift */,
				0472FAE528A5D398008F1A83 /* PokemonListViewEnemy.swift */,
				0472FAE728A5DCA3008F1A83 /* PokemonView.swift */,
				0472FAE928A5F292008F1A83 /* ContentViewEnemy.swift */,
				0472FAEB28A5F300008F1A83 /* PokemonDetailView.swift */,
				0472FAED28A5F3C8008F1A83 /* PokemonViewSelected.swift */,
			);
			path = Views;
			sourceTree = "<group>";
		};
		046ABEE6289B275200EF82AC /* Models */ = {
			isa = PBXGroup;
			children = (
				046ABEE9289B27EA00EF82AC /* PokemonModel.swift */,
			);
			path = Models;
			sourceTree = "<group>";
		};
		0472FAD628A57A8D008F1A83 /* Manager */ = {
			isa = PBXGroup;
			children = (
				0472FAD728A57AA2008F1A83 /* PokemonManager.swift */,
			);
			path = Manager;
			sourceTree = "<group>";
		};
		0472FAD928A57BC1008F1A83 /* Data */ = {
			isa = PBXGroup;
			children = (
				0472FADA28A57BE5008F1A83 /* pokemon.json */,
			);
			path = Data;
			sourceTree = "<group>";
		};
		0472FADB28A5A834008F1A83 /* Helpers */ = {
			isa = PBXGroup;
			children = (
				0472FADC28A5A845008F1A83 /* Helpers.swift */,
			);
			path = Helpers;
			sourceTree = "<group>";
		};
		0472FAE028A5CD42008F1A83 /* ViewModel */ = {
			isa = PBXGroup;
			children = (
				0472FAE128A5CD78008F1A83 /* ViewModel.swift */,
			);
			path = ViewModel;
			sourceTree = "<group>";
		};
/* End PBXGroup section */

/* Begin PBXNativeTarget section */
		046ABED3289B261E00EF82AC /* Pokemon */ = {
			isa = PBXNativeTarget;
			buildConfigurationList = 046ABEE2289B262000EF82AC /* Build configuration list for PBXNativeTarget "Pokemon" */;
			buildPhases = (
				046ABED0289B261E00EF82AC /* Sources */,
				046ABED1289B261E00EF82AC /* Frameworks */,
				046ABED2289B261E00EF82AC /* Resources */,
			);
			buildRules = (
			);
			dependencies = (
			);
			name = Pokemon;
			productName = Pokemon;
			productReference = 046ABED4289B261E00EF82AC /* Pokemon.app */;
			productType = "com.apple.product-type.application";
		};
/* End PBXNativeTarget section */

/* Begin PBXProject section */
		046ABECC289B261E00EF82AC /* Project object */ = {
			isa = PBXProject;
			attributes = {
				BuildIndependentTargetsInParallel = 1;
				LastSwiftUpdateCheck = 1340;
				LastUpgradeCheck = 1340;
				TargetAttributes = {
					046ABED3289B261E00EF82AC = {
						CreatedOnToolsVersion = 13.4.1;
					};
				};
			};
			buildConfigurationList = 046ABECF289B261E00EF82AC /* Build configuration list for PBXProject "Pokemon" */;
			compatibilityVersion = "Xcode 13.0";
			developmentRegion = en;
			hasScannedForEncodings = 0;
			knownRegions = (
				en,
				Base,
			);
			mainGroup = 046ABECB289B261E00EF82AC;
			productRefGroup = 046ABED5289B261E00EF82AC /* Products */;
			projectDirPath = "";
			projectRoot = "";
			targets = (
				046ABED3289B261E00EF82AC /* Pokemon */,
			);
		};
/* End PBXProject section */

/* Begin PBXResourcesBuildPhase section */
		046ABED2289B261E00EF82AC /* Resources */ = {
			isa = PBXResourcesBuildPhase;
			buildActionMask = 2147483647;
			files = (
				046ABEDF289B262000EF82AC /* Preview Assets.xcassets in Resources */,
				0472FAEF28A5F5A4008F1A83 /* pokemon.json in Resources */,
				046ABEDC289B262000EF82AC /* Assets.xcassets in Resources */,
			);
			runOnlyForDeploymentPostprocessing = 0;
		};
/* End PBXResourcesBuildPhase section */

/* Begin PBXSourcesBuildPhase section */
		046ABED0289B261E00EF82AC /* Sources */ = {
			isa = PBXSourcesBuildPhase;
			buildActionMask = 2147483647;
			files = (
				0472FAEA28A5F292008F1A83 /* ContentViewEnemy.swift in Sources */,
				0472FADF28A5CD17008F1A83 /* PokemonListView.swift in Sources */,
				0472FAE228A5CD78008F1A83 /* ViewModel.swift in Sources */,
				046ABEDA289B261E00EF82AC /* ContentView.swift in Sources */,
				0472FAD828A57AA2008F1A83 /* PokemonManager.swift in Sources */,
				0472FAEC28A5F300008F1A83 /* PokemonDetailView.swift in Sources */,
				0472FAE628A5D398008F1A83 /* PokemonListViewEnemy.swift in Sources */,
				0472FADD28A5A845008F1A83 /* Helpers.swift in Sources */,
				0472FAEE28A5F3C8008F1A83 /* PokemonViewSelected.swift in Sources */,
				046ABED8289B261E00EF82AC /* PokemonApp.swift in Sources */,
				0472FAE828A5DCA3008F1A83 /* PokemonView.swift in Sources */,
				046ABEEA289B27EA00EF82AC /* PokemonModel.swift in Sources */,
				049D31D828A2A82C006BB87C /* PokemonList.swift in Sources */,
			);
			runOnlyForDeploymentPostprocessing = 0;
		};
/* End PBXSourcesBuildPhase section */

/* Begin XCBuildConfiguration section */
		046ABEE0289B262000EF82AC /* Debug */ = {
			isa = XCBuildConfiguration;
			buildSettings = {
				ALWAYS_SEARCH_USER_PATHS = NO;
				CLANG_ANALYZER_NONNULL = YES;
				CLANG_ANALYZER_NUMBER_OBJECT_CONVERSION = YES_AGGRESSIVE;
				CLANG_CXX_LANGUAGE_STANDARD = "gnu++17";
				CLANG_ENABLE_MODULES = YES;
				CLANG_ENABLE_OBJC_ARC = YES;
				CLANG_ENABLE_OBJC_WEAK = YES;
				CLANG_WARN_BLOCK_CAPTURE_AUTORELEASING = YES;
				CLANG_WARN_BOOL_CONVERSION = YES;
				CLANG_WARN_COMMA = YES;
				CLANG_WARN_CONSTANT_CONVERSION = YES;
				CLANG_WARN_DEPRECATED_OBJC_IMPLEMENTATIONS = YES;
				CLANG_WARN_DIRECT_OBJC_ISA_USAGE = YES_ERROR;
				CLANG_WARN_DOCUMENTATION_COMMENTS = YES;
				CLANG_WARN_EMPTY_BODY = YES;
				CLANG_WARN_ENUM_CONVERSION = YES;
				CLANG_WARN_INFINITE_RECURSION = YES;
				CLANG_WARN_INT_CONVERSION = YES;
				CLANG_WARN_NON_LITERAL_NULL_CONVERSION = YES;
				CLANG_WARN_OBJC_IMPLICIT_RETAIN_SELF = YES;
				CLANG_WARN_OBJC_LITERAL_CONVERSION = YES;
				CLANG_WARN_OBJC_ROOT_CLASS = YES_ERROR;
				CLANG_WARN_QUOTED_INCLUDE_IN_FRAMEWORK_HEADER = YES;
				CLANG_WARN_RANGE_LOOP_ANALYSIS = YES;
				CLANG_WARN_STRICT_PROTOTYPES = YES;
				CLANG_WARN_SUSPICIOUS_MOVE = YES;
				CLANG_WARN_UNGUARDED_AVAILABILITY = YES_AGGRESSIVE;
				CLANG_WARN_UNREACHABLE_CODE = YES;
				CLANG_WARN__DUPLICATE_METHOD_MATCH = YES;
				COPY_PHASE_STRIP = NO;
				DEBUG_INFORMATION_FORMAT = dwarf;
				ENABLE_STRICT_OBJC_MSGSEND = YES;
				ENABLE_TESTABILITY = YES;
				GCC_C_LANGUAGE_STANDARD = gnu11;
				GCC_DYNAMIC_NO_PIC = NO;
				GCC_NO_COMMON_BLOCKS = YES;
				GCC_OPTIMIZATION_LEVEL = 0;
				GCC_PREPROCESSOR_DEFINITIONS = (
					"DEBUG=1",
					"$(inherited)",
				);
				GCC_WARN_64_TO_32_BIT_CONVERSION = YES;
				GCC_WARN_ABOUT_RETURN_TYPE = YES_ERROR;
				GCC_WARN_UNDECLARED_SELECTOR = YES;
				GCC_WARN_UNINITIALIZED_AUTOS = YES_AGGRESSIVE;
				GCC_WARN_UNUSED_FUNCTION = YES;
				GCC_WARN_UNUSED_VARIABLE = YES;
				IPHONEOS_DEPLOYMENT_TARGET = 15.5;
				MTL_ENABLE_DEBUG_INFO = INCLUDE_SOURCE;
				MTL_FAST_MATH = YES;
				ONLY_ACTIVE_ARCH = YES;
				SDKROOT = iphoneos;
				SWIFT_ACTIVE_COMPILATION_CONDITIONS = DEBUG;
				SWIFT_OPTIMIZATION_LEVEL = "-Onone";
			};
			name = Debug;
		};
		046ABEE1289B262000EF82AC /* Release */ = {
			isa = XCBuildConfiguration;
			buildSettings = {
				ALWAYS_SEARCH_USER_PATHS = NO;
				CLANG_ANALYZER_NONNULL = YES;
				CLANG_ANALYZER_NUMBER_OBJECT_CONVERSION = YES_AGGRESSIVE;
				CLANG_CXX_LANGUAGE_STANDARD = "gnu++17";
				CLANG_ENABLE_MODULES = YES;
				CLANG_ENABLE_OBJC_ARC = YES;
				CLANG_ENABLE_OBJC_WEAK = YES;
				CLANG_WARN_BLOCK_CAPTURE_AUTORELEASING = YES;
				CLANG_WARN_BOOL_CONVERSION = YES;
				CLANG_WARN_COMMA = YES;
				CLANG_WARN_CONSTANT_CONVERSION = YES;
				CLANG_WARN_DEPRECATED_OBJC_IMPLEMENTATIONS = YES;
				CLANG_WARN_DIRECT_OBJC_ISA_USAGE = YES_ERROR;
				CLANG_WARN_DOCUMENTATION_COMMENTS = YES;
				CLANG_WARN_EMPTY_BODY = YES;
				CLANG_WARN_ENUM_CONVERSION = YES;
				CLANG_WARN_INFINITE_RECURSION = YES;
				CLANG_WARN_INT_CONVERSION = YES;
				CLANG_WARN_NON_LITERAL_NULL_CONVERSION = YES;
				CLANG_WARN_OBJC_IMPLICIT_RETAIN_SELF = YES;
				CLANG_WARN_OBJC_LITERAL_CONVERSION = YES;
				CLANG_WARN_OBJC_ROOT_CLASS = YES_ERROR;
				CLANG_WARN_QUOTED_INCLUDE_IN_FRAMEWORK_HEADER = YES;
				CLANG_WARN_RANGE_LOOP_ANALYSIS = YES;
				CLANG_WARN_STRICT_PROTOTYPES = YES;
				CLANG_WARN_SUSPICIOUS_MOVE = YES;
				CLANG_WARN_UNGUARDED_AVAILABILITY = YES_AGGRESSIVE;
				CLANG_WARN_UNREACHABLE_CODE = YES;
				CLANG_WARN__DUPLICATE_METHOD_MATCH = YES;
				COPY_PHASE_STRIP = NO;
				DEBUG_INFORMATION_FORMAT = "dwarf-with-dsym";
				ENABLE_NS_ASSERTIONS = NO;
				ENABLE_STRICT_OBJC_MSGSEND = YES;
				GCC_C_LANGUAGE_STANDARD = gnu11;
				GCC_NO_COMMON_BLOCKS = YES;
				GCC_WARN_64_TO_32_BIT_CONVERSION = YES;
				GCC_WARN_ABOUT_RETURN_TYPE = YES_ERROR;
				GCC_WARN_UNDECLARED_SELECTOR = YES;
				GCC_WARN_UNINITIALIZED_AUTOS = YES_AGGRESSIVE;
				GCC_WARN_UNUSED_FUNCTION = YES;
				GCC_WARN_UNUSED_VARIABLE = YES;
				IPHONEOS_DEPLOYMENT_TARGET = 15.5;
				MTL_ENABLE_DEBUG_INFO = NO;
				MTL_FAST_MATH = YES;
				SDKROOT = iphoneos;
				SWIFT_COMPILATION_MODE = wholemodule;
				SWIFT_OPTIMIZATION_LEVEL = "-O";
				VALIDATE_PRODUCT = YES;
			};
			name = Release;
		};
		046ABEE3289B262000EF82AC /* Debug */ = {
			isa = XCBuildConfiguration;
			buildSettings = {
				ASSETCATALOG_COMPILER_APPICON_NAME = AppIcon;
				ASSETCATALOG_COMPILER_GLOBAL_ACCENT_COLOR_NAME = AccentColor;
				CODE_SIGN_STYLE = Automatic;
				CURRENT_PROJECT_VERSION = 1;
				DEVELOPMENT_ASSET_PATHS = "\"Pokemon/Preview Content\"";
				ENABLE_PREVIEWS = YES;
				GENERATE_INFOPLIST_FILE = YES;
				INFOPLIST_KEY_UIApplicationSceneManifest_Generation = YES;
				INFOPLIST_KEY_UIApplicationSupportsIndirectInputEvents = YES;
				INFOPLIST_KEY_UILaunchScreen_Generation = YES;
				INFOPLIST_KEY_UISupportedInterfaceOrientations_iPad = "UIInterfaceOrientationPortrait UIInterfaceOrientationPortraitUpsideDown UIInterfaceOrientationLandscapeLeft UIInterfaceOrientationLandscapeRight";
				INFOPLIST_KEY_UISupportedInterfaceOrientations_iPhone = "UIInterfaceOrientationPortrait UIInterfaceOrientationLandscapeLeft UIInterfaceOrientationLandscapeRight";
				LD_RUNPATH_SEARCH_PATHS = (
					"$(inherited)",
					"@executable_path/Frameworks",
				);
				MARKETING_VERSION = 1.0;
				PRODUCT_BUNDLE_IDENTIFIER = pt.jgomes.Pokemon;
				PRODUCT_NAME = "$(TARGET_NAME)";
				SWIFT_EMIT_LOC_STRINGS = YES;
				SWIFT_VERSION = 5.0;
				TARGETED_DEVICE_FAMILY = "1,2";
			};
			name = Debug;
		};
		046ABEE4289B262000EF82AC /* Release */ = {
			isa = XCBuildConfiguration;
			buildSettings = {
				ASSETCATALOG_COMPILER_APPICON_NAME = AppIcon;
				ASSETCATALOG_COMPILER_GLOBAL_ACCENT_COLOR_NAME = AccentColor;
				CODE_SIGN_STYLE = Automatic;
				CURRENT_PROJECT_VERSION = 1;
				DEVELOPMENT_ASSET_PATHS = "\"Pokemon/Preview Content\"";
				ENABLE_PREVIEWS = YES;
				GENERATE_INFOPLIST_FILE = YES;
				INFOPLIST_KEY_UIApplicationSceneManifest_Generation = YES;
				INFOPLIST_KEY_UIApplicationSupportsIndirectInputEvents = YES;
				INFOPLIST_KEY_UILaunchScreen_Generation = YES;
				INFOPLIST_KEY_UISupportedInterfaceOrientations_iPad = "UIInterfaceOrientationPortrait UIInterfaceOrientationPortraitUpsideDown UIInterfaceOrientationLandscapeLeft UIInterfaceOrientationLandscapeRight";
				INFOPLIST_KEY_UISupportedInterfaceOrientations_iPhone = "UIInterfaceOrientationPortrait UIInterfaceOrientationLandscapeLeft UIInterfaceOrientationLandscapeRight";
				LD_RUNPATH_SEARCH_PATHS = (
					"$(inherited)",
					"@executable_path/Frameworks",
				);
				MARKETING_VERSION = 1.0;
				PRODUCT_BUNDLE_IDENTIFIER = pt.jgomes.Pokemon;
				PRODUCT_NAME = "$(TARGET_NAME)";
				SWIFT_EMIT_LOC_STRINGS = YES;
				SWIFT_VERSION = 5.0;
				TARGETED_DEVICE_FAMILY = "1,2";
			};
			name = Release;
		};
/* End XCBuildConfiguration section */

/* Begin XCConfigurationList section */
		046ABECF289B261E00EF82AC /* Build configuration list for PBXProject "Pokemon" */ = {
			isa = XCConfigurationList;
			buildConfigurations = (
				046ABEE0289B262000EF82AC /* Debug */,
				046ABEE1289B262000EF82AC /* Release */,
			);
			defaultConfigurationIsVisible = 0;
			defaultConfigurationName = Release;
		};
		046ABEE2289B262000EF82AC /* Build configuration list for PBXNativeTarget "Pokemon" */ = {
			isa = XCConfigurationList;
			buildConfigurations = (
				046ABEE3289B262000EF82AC /* Debug */,
				046ABEE4289B262000EF82AC /* Release */,
			);
			defaultConfigurationIsVisible = 0;
			defaultConfigurationName = Release;
		};
/* End XCConfigurationList section */
	};
	rootObject = 046ABECC289B261E00EF82AC /* Project object */;
}
